
Microsoft Visual Studio Solution File, Format Version 11.00
# Visual Studio 2010
Project("{F184B08F-C81C-45F6-A57F-5ABD9991F28F}") = "Code generator v0.1", "Code generator v0.1\Code generator v0.1.vbproj", "{1328CA98-0177-4A16-BD61-014A46C38440}"
EndProject
Global
	GlobalSection(SolutionConfigurationPlatforms) = preSolution
		Debug|x86 = Debug|x86
		Release|x86 = Release|x86
	EndGlobalSection
	GlobalSection(ProjectConfigurationPlatforms) = postSolution
		{1328CA98-0177-4A16-BD61-014A46C38440}.Debug|x86.ActiveCfg = Debug|x86
		{1328CA98-0177-4A16-BD61-014A46C38440}.Debug|x86.Build.0 = Debug|x86
		{1328CA98-0177-4A16-BD61-014A46C38440}.Release|x86.ActiveCfg = Release|x86
		{1328CA98-0177-4A16-BD61-014A46C38440}.Release|x86.Build.0 = Release|x86
	EndGlobalSection
	GlobalSection(SolutionProperties) = preSolution
		HideSolutionNode = FALSE
	EndGlobalSection
EndGlobal
